
Microsoft Visual Studio Solution File, Format Version 12.00
# Visual Studio 2013
VisualStudioVersion = 12.0.21005.1
MinimumVisualStudioVersion = 10.0.40219.1
Project("{FAE04EC0-301F-11D3-BF4B-00C04F79EFBC}") = "Euler to Miller", "Euler to Miller\Euler to Miller.csproj", "{848D1A20-B3C1-4754-9C3B-D854FD88AECC}"
EndProject
Global
	GlobalSection(SolutionConfigurationPlatforms) = preSolution
		Debug|Any CPU = Debug|Any CPU
		Release|Any CPU = Release|Any CPU
	EndGlobalSection
	GlobalSection(ProjectConfigurationPlatforms) = postSolution
		{848D1A20-B3C1-4754-9C3B-D854FD88AECC}.Debug|Any CPU.ActiveCfg = Debug|Any CPU
		{848D1A20-B3C1-4754-9C3B-D854FD88AECC}.Debug|Any CPU.Build.0 = Debug|Any CPU
		{848D1A20-B3C1-4754-9C3B-D854FD88AECC}.Release|Any CPU.ActiveCfg = Release|Any CPU
		{848D1A20-B3C1-4754-9C3B-D854FD88AECC}.Release|Any CPU.Build.0 = Release|Any CPU
	EndGlobalSection
	GlobalSection(SolutionProperties) = preSolution
		HideSolutionNode = FALSE
	EndGlobalSection
EndGlobal
